
Microsoft Visual Studio Solution File, Format Version 12.00
# Visual Studio 15
VisualStudioVersion = 15.0.28010.2003
MinimumVisualStudioVersion = 10.0.40219.1
Project("{FAE04EC0-301F-11D3-BF4B-00C04F79EFBC}") = "Ganapati", "Ganapati\Ganapati.csproj", "{D0B1CD6F-C8F9-4184-A41F-9E5CB1C34F4E}"
EndProject
Global
	GlobalSection(SolutionConfigurationPlatforms) = preSolution
		Debug|Any CPU = Debug|Any CPU
		Release|Any CPU = Release|Any CPU
	EndGlobalSection
	GlobalSection(ProjectConfigurationPlatforms) = postSolution
		{D0B1CD6F-C8F9-4184-A41F-9E5CB1C34F4E}.Debug|Any CPU.ActiveCfg = Debug|Any CPU
		{D0B1CD6F-C8F9-4184-A41F-9E5CB1C34F4E}.Debug|Any CPU.Build.0 = Debug|Any CPU
		{D0B1CD6F-C8F9-4184-A41F-9E5CB1C34F4E}.Release|Any CPU.ActiveCfg = Release|Any CPU
		{D0B1CD6F-C8F9-4184-A41F-9E5CB1C34F4E}.Release|Any CPU.Build.0 = Release|Any CPU
	EndGlobalSection
	GlobalSection(SolutionProperties) = preSolution
		HideSolutionNode = FALSE
	EndGlobalSection
	GlobalSection(ExtensibilityGlobals) = postSolution
		SolutionGuid = {D4A50650-D21A-449B-B3A4-10E2D47DB671}
	EndGlobalSection
EndGlobal
